
Microsoft Visual Studio Solution File, Format Version 12.00
# Visual Studio 15
VisualStudioVersion = 15.0.26730.8
MinimumVisualStudioVersion = 10.0.40219.1
Project("{FAE04EC0-301F-11D3-BF4B-00C04F79EFBC}") = "PeopleAgain", "PeopleAgain\PeopleAgain.csproj", "{5E5AF54F-EE95-4581-A8E8-B8070F56389D}"
EndProject
Global
	GlobalSection(SolutionConfigurationPlatforms) = preSolution
		Debug|Any CPU = Debug|Any CPU
		Release|Any CPU = Release|Any CPU
	EndGlobalSection
	GlobalSection(ProjectConfigurationPlatforms) = postSolution
		{5E5AF54F-EE95-4581-A8E8-B8070F56389D}.Debug|Any CPU.ActiveCfg = Debug|Any CPU
		{5E5AF54F-EE95-4581-A8E8-B8070F56389D}.Debug|Any CPU.Build.0 = Debug|Any CPU
		{5E5AF54F-EE95-4581-A8E8-B8070F56389D}.Release|Any CPU.ActiveCfg = Release|Any CPU
		{5E5AF54F-EE95-4581-A8E8-B8070F56389D}.Release|Any CPU.Build.0 = Release|Any CPU
	EndGlobalSection
	GlobalSection(SolutionProperties) = preSolution
		HideSolutionNode = FALSE
	EndGlobalSection
	GlobalSection(ExtensibilityGlobals) = postSolution
		SolutionGuid = {479E5545-BCE9-434F-98D1-3DC2181A366F}
	EndGlobalSection
EndGlobal
