
Microsoft Visual Studio Solution File, Format Version 12.00
# Visual Studio 15
VisualStudioVersion = 15.0.26730.16
MinimumVisualStudioVersion = 10.0.40219.1
Project("{FAE04EC0-301F-11D3-BF4B-00C04F79EFBC}") = "RegisterPeople", "RegisterPeople.csproj", "{622D3887-8EEA-475C-AEDC-A1D97F8EC949}"
EndProject
Global
	GlobalSection(SolutionConfigurationPlatforms) = preSolution
		Debug|Any CPU = Debug|Any CPU
		Release|Any CPU = Release|Any CPU
	EndGlobalSection
	GlobalSection(ProjectConfigurationPlatforms) = postSolution
		{622D3887-8EEA-475C-AEDC-A1D97F8EC949}.Debug|Any CPU.ActiveCfg = Debug|Any CPU
		{622D3887-8EEA-475C-AEDC-A1D97F8EC949}.Debug|Any CPU.Build.0 = Debug|Any CPU
		{622D3887-8EEA-475C-AEDC-A1D97F8EC949}.Release|Any CPU.ActiveCfg = Release|Any CPU
		{622D3887-8EEA-475C-AEDC-A1D97F8EC949}.Release|Any CPU.Build.0 = Release|Any CPU
	EndGlobalSection
	GlobalSection(SolutionProperties) = preSolution
		HideSolutionNode = FALSE
	EndGlobalSection
	GlobalSection(ExtensibilityGlobals) = postSolution
		SolutionGuid = {C07D9DDC-6610-4E35-A069-71860DA5FCA6}
	EndGlobalSection
EndGlobal
